# This file is automatically @generated by Poetry 2.1.3 and should not be changed by hand.

[[package]]
name = "capstone"
version = "5.0.6"
description = "Capstone disassembly engine"
optional = false
python-versions = ">=3.8"
groups = ["main"]
files = [
    {file = "capstone-5.0.6-py3-none-macosx_10_9_universal2.whl", hash = "sha256:0bca16e1c3ca1b928df6103b3889dcb6df7b05392d75a0b7af3508798148b899"},
    {file = "capstone-5.0.6-py3-none-macosx_10_9_x86_64.whl", hash = "sha256:539191906a34ad1c573ec12b787b2caf154ea41175db6ded9def00aea8151099"},
    {file = "capstone-5.0.6-py3-none-macosx_11_0_arm64.whl", hash = "sha256:e0b87b283905e4fc43635ca04cf26f4a5d9e8375852e5464d38938f3a28c207a"},
    {file = "capstone-5.0.6-py3-none-manylinux_2_17_aarch64.manylinux2014_aarch64.whl", hash = "sha256:fa7892f0c89455078c18f07d2d309fb07baa53061b8f9a63db1ea00d41a46726"},
    {file = "capstone-5.0.6-py3-none-manylinux_2_17_x86_64.manylinux2014_x86_64.whl", hash = "sha256:0358855773100bb91ae6681fabce7299df83156945ba943f6211061a592c54a6"},
    {file = "capstone-5.0.6-py3-none-manylinux_2_5_i686.manylinux1_i686.manylinux_2_17_i686.manylinux2014_i686.whl", hash = "sha256:667d6466dab1522fa5e9659be5cf1aca83e4fc3da7d15d0e5e6047f71fb46c4a"},
    {file = "capstone-5.0.6-py3-none-musllinux_1_2_aarch64.whl", hash = "sha256:45c0e25500dd8d283d3b70f2e10cebfec93ab8bdaf6af9a763a0a999b4705891"},
    {file = "capstone-5.0.6-py3-none-musllinux_1_2_i686.whl", hash = "sha256:22f1f2f118f8fa1d1c5c90bca90e75864d55e16349b3c03aaea0e86b4a45d2a9"},
    {file = "capstone-5.0.6-py3-none-musllinux_1_2_x86_64.whl", hash = "sha256:bc23cf634f51d0e53bdd04ea53ccfff7fc9060dfe58dff1e1b260ce40e5538ff"},
    {file = "capstone-5.0.6-py3-none-win_amd64.whl", hash = "sha256:761c3deae00b22ac697081cdae1383bb90659dd0d79387a09cf5bdbb22b17064"},
    {file = "capstone-5.0.6.tar.gz", hash = "sha256:b11a87d67751b006b9b44428d59c99512e6d6c89cf7dff8cdd92d9065628b5a0"},
]

[[package]]
name = "libclang"
version = "15.0.6.1"
description = "Clang Python Bindings, mirrored from the official LLVM repo: https://github.com/llvm/llvm-project/tree/main/clang/bindings/python, to make the installation process easier."
optional = false
python-versions = "*"
groups = ["dev"]
files = [
    {file = "libclang-15.0.6.1-py2.py3-none-macosx_10_9_x86_64.whl", hash = "sha256:8621795e07b87e17fc7aac9f071bc7fe6b52ed6110c0a96a9975d8113c8c2527"},
    {file = "libclang-15.0.6.1-py2.py3-none-macosx_11_0_arm64.whl", hash = "sha256:0bf192c48a8d2992fc5034393ddc99e772ac30e105df84927d62fc88ef8a659f"},
    {file = "libclang-15.0.6.1-py2.py3-none-manylinux2010_x86_64.whl", hash = "sha256:69b01a23ab543908a661532595daa23cf88bd96d80e41f58ba0eaa6a378fe0d8"},
    {file = "libclang-15.0.6.1-py2.py3-none-manylinux2014_aarch64.whl", hash = "sha256:4a5188184b937132c198ee9de9a8a2316d5fdd1a825398d5ad1a8f5e06f9b40e"},
    {file = "libclang-15.0.6.1-py2.py3-none-manylinux2014_armv7l.whl", hash = "sha256:f7ffa02ac5e586cfffde039dcccc439d88d0feac7d77bf9426d9ba7543d16545"},
    {file = "libclang-15.0.6.1-py2.py3-none-musllinux_1_2_x86_64.whl", hash = "sha256:aaebb6aa1db73bac3a0ac41e57ef78743079eb68728adbf7e80ee917ae171529"},
    {file = "libclang-15.0.6.1-py2.py3-none-win_amd64.whl", hash = "sha256:85afb47630d2070e74b886040ceea1846097ca53cc88d0f1d7751d0f49220028"},
    {file = "libclang-15.0.6.1-py2.py3-none-win_arm64.whl", hash = "sha256:687d8549c110c700fece58dd87727421d0710fdd111aa7eecb01faf8e3f50d4e"},
    {file = "libclang-15.0.6.1.tar.gz", hash = "sha256:a1a8fe038af2962c787c5bac81bfa4b82bb8e279e61e70cc934c10f6e20c73ec"},
]

[[package]]
name = "pefile"
version = "2024.8.26"
description = "Python PE parsing module"
optional = false
python-versions = ">=3.6.0"
groups = ["main"]
files = [
    {file = "pefile-2024.8.26-py3-none-any.whl", hash = "sha256:76f8b485dcd3b1bb8166f1128d395fa3d87af26360c2358fb75b80019b957c6f"},
    {file = "pefile-2024.8.26.tar.gz", hash = "sha256:3ff6c5d8b43e8c37bb6e6dd5085658d658a7a0bdcd20b6a07b1fcfc1c4e9d632"},
]

[[package]]
name = "setuptools"
version = "80.9.0"
description = "Easily download, build, install, upgrade, and uninstall Python packages"
optional = false
python-versions = ">=3.9"
groups = ["main"]
files = [
    {file = "setuptools-80.9.0-py3-none-any.whl", hash = "sha256:062d34222ad13e0cc312a4c02d73f059e86a4acbfbdea8f8f76b28c99f306922"},
    {file = "setuptools-80.9.0.tar.gz", hash = "sha256:f36b47402ecde768dbfafc46e8e4207b4360c654f1f3bb84475f0a28628fb19c"},
]

[package.extras]
check = ["pytest-checkdocs (>=2.4)", "pytest-ruff (>=0.2.1) ; sys_platform != \"cygwin\"", "ruff (>=0.8.0) ; sys_platform != \"cygwin\""]
core = ["importlib_metadata (>=6) ; python_version < \"3.10\"", "jaraco.functools (>=4)", "jaraco.text (>=3.7)", "more_itertools", "more_itertools (>=8.8)", "packaging (>=24.2)", "platformdirs (>=4.2.2)", "tomli (>=2.0.1) ; python_version < \"3.11\"", "wheel (>=0.43.0)"]
cover = ["pytest-cov"]
doc = ["furo", "jaraco.packaging (>=9.3)", "jaraco.tidelift (>=1.4)", "pygments-github-lexers (==0.0.5)", "pyproject-hooks (!=1.1)", "rst.linker (>=1.9)", "sphinx (>=3.5)", "sphinx-favicon", "sphinx-inline-tabs", "sphinx-lint", "sphinx-notfound-page (>=1,<2)", "sphinx-reredirects", "sphinxcontrib-towncrier", "towncrier (<24.7)"]
enabler = ["pytest-enabler (>=2.2)"]
test = ["build[virtualenv] (>=1.0.3)", "filelock (>=3.4.0)", "ini2toml[lite] (>=0.14)", "jaraco.develop (>=7.21) ; python_version >= \"3.9\" and sys_platform != \"cygwin\"", "jaraco.envs (>=2.2)", "jaraco.path (>=3.7.2)", "jaraco.test (>=5.5)", "packaging (>=24.2)", "pip (>=19.1)", "pyproject-hooks (!=1.1)", "pytest (>=6,!=8.1.*)", "pytest-home (>=0.5)", "pytest-perf ; sys_platform != \"cygwin\"", "pytest-subprocess", "pytest-timeout", "pytest-xdist (>=3)", "tomli-w (>=1.0.0)", "virtualenv (>=13.0.0)", "wheel (>=0.44.0)"]
type = ["importlib_metadata (>=7.0.2) ; python_version < \"3.10\"", "jaraco.develop (>=7.21) ; sys_platform != \"cygwin\"", "mypy (==1.14.*)", "pytest-mypy"]

[[package]]
name = "unicorn"
version = "2.1.3"
description = "Unicorn CPU emulator engine"
optional = false
python-versions = "!=3.0.*,!=3.1.*,!=3.2.*,!=3.3.*,!=3.4.*,!=3.5.*,!=3.6.*,>=2.7"
groups = ["main"]
files = [
    {file = "unicorn-2.1.3-cp310-cp310-macosx_10_9_x86_64.whl", hash = "sha256:6cbf99c139a238ee6ccfaadea35e65a88461c0ae0dcf78058c8266ff90f8866c"},
    {file = "unicorn-2.1.3-cp310-cp310-manylinux_2_17_aarch64.manylinux2014_aarch64.whl", hash = "sha256:a8e7b9396a7b76503b1d32c4b83d35e03e8b2ee81e80a2c7aee77dac7b71f25c"},
    {file = "unicorn-2.1.3-cp310-cp310-manylinux_2_17_i686.manylinux2014_i686.whl", hash = "sha256:2a91edb97eb9ff4f205af5c2e54e802a832e57a4b54d82d2598adfd08d48101c"},
    {file = "unicorn-2.1.3-cp310-cp310-manylinux_2_17_x86_64.manylinux2014_x86_64.whl", hash = "sha256:3668a0615560d2b70f7d4dee115a844c205aa7a5a5537ec7ab6c08af1796efa9"},
    {file = "unicorn-2.1.3-cp310-cp310-musllinux_1_2_aarch64.whl", hash = "sha256:83c42310d20389ab670631407372684a0fbddae6a05665e7b3452db01a02682d"},
    {file = "unicorn-2.1.3-cp310-cp310-musllinux_1_2_i686.whl", hash = "sha256:8b24d10474ae2d4c22bf352751d6170269d5b2b1d65a4a0f8576ea52db9988d9"},
    {file = "unicorn-2.1.3-cp310-cp310-musllinux_1_2_x86_64.whl", hash = "sha256:65663784cebf491ceaa92f6afb24df9434843d6b7e1833f7ffe4589b35fd4e36"},
    {file = "unicorn-2.1.3-cp310-cp310-win32.whl", hash = "sha256:aae64ef946404275e7776e873c5621f6988915bc6813e3b272cad7b68a1c9ed5"},
    {file = "unicorn-2.1.3-cp310-cp310-win_amd64.whl", hash = "sha256:f903d5b50fdc1855b30ad5a95063e1086a8a70a279ed8e62c979e7870e68be48"},
    {file = "unicorn-2.1.3-cp311-cp311-macosx_10_9_x86_64.whl", hash = "sha256:ed1c489de67736d58f3c16da42227d1b65d5d5ee83eabd42d303d68a9523cfd1"},
    {file = "unicorn-2.1.3-cp311-cp311-manylinux_2_17_aarch64.manylinux2014_aarch64.whl", hash = "sha256:ce4eb49a65528b699bb82fc4f7b8cdf3400a1498e22aa14314f555872fc5310e"},
    {file = "unicorn-2.1.3-cp311-cp311-manylinux_2_17_i686.manylinux2014_i686.whl", hash = "sha256:a3450fd7042afdaeb0aa9412cc10fc8560f204b2dea4784f4f1338159c93fe9c"},
    {file = "unicorn-2.1.3-cp311-cp311-manylinux_2_17_x86_64.manylinux2014_x86_64.whl", hash = "sha256:c6699453167b1abc98e6dc13728568b383b3d02acd4ec8b5d0189c522bd90522"},
    {file = "unicorn-2.1.3-cp311-cp311-musllinux_1_2_aarch64.whl", hash = "sha256:e521a87eb8a16a7513815d88b4bacb724d828be452c140bd5d2d424f2e5a1ec0"},
    {file = "unicorn-2.1.3-cp311-cp311-musllinux_1_2_i686.whl", hash = "sha256:141031e717e1c899a9276282990734f9667abc932720d3e2a22649db151ee0c4"},
    {file = "unicorn-2.1.3-cp311-cp311-musllinux_1_2_x86_64.whl", hash = "sha256:de97f9ccc010d2103083a42d548192de06b94766d1367187f0bf91cfd08d6cbf"},
    {file = "unicorn-2.1.3-cp311-cp311-win32.whl", hash = "sha256:6d25f31334c10a82fd6b2ae9569419bf6f53dd9244ab38685a1cebd46388e34f"},
    {file = "unicorn-2.1.3-cp311-cp311-win_amd64.whl", hash = "sha256:38b40ccfe1f1a7a8c33491ee549ab20e443d17ec58834cf46349f1478affccaf"},
    {file = "unicorn-2.1.3-cp312-cp312-macosx_10_13_x86_64.whl", hash = "sha256:816d4cf57ae2a86640b66b83fa1ee0e761a6a39e82d62dbfb7ec27d3f0086189"},
    {file = "unicorn-2.1.3-cp312-cp312-manylinux_2_17_aarch64.manylinux2014_aarch64.whl", hash = "sha256:b7109a6f3c70779359cb73c4448defec1628b9c9c101d7e604ba1537e96de988"},
    {file = "unicorn-2.1.3-cp312-cp312-manylinux_2_17_i686.manylinux2014_i686.whl", hash = "sha256:0e71a92f636225f5dd66e6119460b17d41cae45d3a612dbce4d80f7302a07e16"},
    {file = "unicorn-2.1.3-cp312-cp312-manylinux_2_17_x86_64.manylinux2014_x86_64.whl", hash = "sha256:8a5dac317de1fa1f61884826a353ea9e9b3e9ec8dc25b07a8526b82d4750402e"},
    {file = "unicorn-2.1.3-cp312-cp312-musllinux_1_2_aarch64.whl", hash = "sha256:e5b2f93cffbf2e7f572606ed4f873541e3616c39ed89bf8793180f4a52ab845d"},
    {file = "unicorn-2.1.3-cp312-cp312-musllinux_1_2_i686.whl", hash = "sha256:7ba353f3e9fcb46a8cf0175118f51a3b06230da151ec77ff58f4c3cd51249933"},
    {file = "unicorn-2.1.3-cp312-cp312-musllinux_1_2_x86_64.whl", hash = "sha256:dd29c8c86fea78bd228993d8d0a7d812d8c2635421e32b8840b806067cc1c72f"},
    {file = "unicorn-2.1.3-cp312-cp312-win32.whl", hash = "sha256:1fe4ddd6a0d6fd8228889857afa2b3bde1062b2c2fd3447eeef9095d6b28026e"},
    {file = "unicorn-2.1.3-cp312-cp312-win_amd64.whl", hash = "sha256:1b23084ab42fa32ce8758004ce8f3eebbd70106ca6c6deb438a292d5107f01d6"},
    {file = "unicorn-2.1.3-cp313-cp313-macosx_10_13_x86_64.whl", hash = "sha256:e86b20464b1332248b22185b06fe5a56d4913648f9a41e7286ca83b3fc443747"},
    {file = "unicorn-2.1.3-cp313-cp313-manylinux_2_17_aarch64.manylinux2014_aarch64.whl", hash = "sha256:cea0462b08e94a6b5764692b47ffa6bf2cb6d47fecd6939c874da5165dbd4ba6"},
    {file = "unicorn-2.1.3-cp313-cp313-manylinux_2_17_i686.manylinux2014_i686.whl", hash = "sha256:67d0462f66ba961079728ff74eaf8233fba48dadea80313c0dad5ac4ba8a80be"},
    {file = "unicorn-2.1.3-cp313-cp313-manylinux_2_17_x86_64.manylinux2014_x86_64.whl", hash = "sha256:dabf178a2ad5894556258d38ed9d9b9c3adca4ced10ee3d3ace772b47d02b1c8"},
    {file = "unicorn-2.1.3-cp313-cp313-musllinux_1_2_aarch64.whl", hash = "sha256:cc9d2b422993baa314c124f81918b9be5fb814301c8dd48a3c2b91c847951936"},
    {file = "unicorn-2.1.3-cp313-cp313-musllinux_1_2_i686.whl", hash = "sha256:f21e05586d48414eb53a8b6a6a79f162d58feffe31a2537816665bf4d0f188ea"},
    {file = "unicorn-2.1.3-cp313-cp313-musllinux_1_2_x86_64.whl", hash = "sha256:a7d0cb2fd742a0914e3dfb52a41b255bdd31937ab2da449dd750ad4cc0558407"},
    {file = "unicorn-2.1.3-cp313-cp313-win32.whl", hash = "sha256:ff37f0307f78d1fd43420790307d684f36f56d5d8b1ad102986f99bcbfb03ecb"},
    {file = "unicorn-2.1.3-cp313-cp313-win_amd64.whl", hash = "sha256:1f218e51ed5e9047575ef6200a6acfacf3ee545e3a9df905445a01101399296e"},
    {file = "unicorn-2.1.3-cp37-cp37m-macosx_10_9_x86_64.whl", hash = "sha256:2a579338c808976c46371f5b0916056edaff3d68a39c1f862e5f9437826d5528"},
    {file = "unicorn-2.1.3-cp37-cp37m-manylinux_2_17_aarch64.manylinux2014_aarch64.whl", hash = "sha256:ffe5d4b4d163aedf53540f9557c06a263fc2b491242978721b97717da27593a6"},
    {file = "unicorn-2.1.3-cp37-cp37m-manylinux_2_17_i686.manylinux2014_i686.whl", hash = "sha256:f6d8fcd81273ecd8e4c9d3714b85a2b2c66af35fa88b62f67618c433a8164cd3"},
    {file = "unicorn-2.1.3-cp37-cp37m-manylinux_2_17_x86_64.manylinux2014_x86_64.whl", hash = "sha256:9dd1a93d216cced21f330c8d6174b0ad0fd416541b7b6ff2a9148ba43d706d44"},
    {file = "unicorn-2.1.3-cp37-cp37m-musllinux_1_2_aarch64.whl", hash = "sha256:bfa253f5d40c4c395d7a4606cadf44b0edd05245ff62ca50d9c54f7fdf2328a4"},
    {file = "unicorn-2.1.3-cp37-cp37m-musllinux_1_2_i686.whl", hash = "sha256:ec343e64e11eb954a99ea3c5502d01aecea5014c95c23ddaf7da50cb988dec1b"},
    {file = "unicorn-2.1.3-cp37-cp37m-musllinux_1_2_x86_64.whl", hash = "sha256:0b25012675d4fff4713eff3a8b7ce39ac37ea091cc4e23f5d5b0b2e1666151fd"},
    {file = "unicorn-2.1.3-cp37-cp37m-win32.whl", hash = "sha256:57ea6ceb50074e0cb48d34fec4a7bea0a9923c86aa64d1c205a1804f87d07787"},
    {file = "unicorn-2.1.3-cp37-cp37m-win_amd64.whl", hash = "sha256:48bcf3e9764812bb4a0cd11c394dd1f539664a5800aa0ab28678d44a75f48869"},
    {file = "unicorn-2.1.3-cp38-cp38-macosx_10_9_x86_64.whl", hash = "sha256:7ff9c0477cdb1ea39b6795dd37acb880fdded5a0dc5793a18a5f508d99bcf645"},
    {file = "unicorn-2.1.3-cp38-cp38-manylinux_2_17_aarch64.manylinux2014_aarch64.whl", hash = "sha256:4f27bcd657066cf69eb930d9e9321174a0246093f870f162a4184f2b80751ce5"},
    {file = "unicorn-2.1.3-cp38-cp38-manylinux_2_17_i686.manylinux2014_i686.whl", hash = "sha256:2752d4509aaff2b8f25747449f19b04870d5e0e2300953cb1cdae0d90e00ce8b"},
    {file = "unicorn-2.1.3-cp38-cp38-manylinux_2_17_x86_64.manylinux2014_x86_64.whl", hash = "sha256:504d9dd77f9030e6b5f09a623e22408c472b001fd2d1edc0c196f1f55174ff73"},
    {file = "unicorn-2.1.3-cp38-cp38-musllinux_1_2_aarch64.whl", hash = "sha256:8b93230c851dc679b3ad37d4c376d0f8ba585177e3acd3eddfea8cc13d39084a"},
    {file = "unicorn-2.1.3-cp38-cp38-musllinux_1_2_i686.whl", hash = "sha256:8a0691e21a6a599217164728dabbf677993a63a7db975a9ed358b1fed3d557c9"},
    {file = "unicorn-2.1.3-cp38-cp38-musllinux_1_2_x86_64.whl", hash = "sha256:593d4e83774b6d690dbbfd1c0d1a1b598fac8315ffee25e292933a956ea126b6"},
    {file = "unicorn-2.1.3-cp38-cp38-win32.whl", hash = "sha256:666e21134d4d14b343e930624fed9338bf7df4a3c4ed03ec9e9e28a532d61ad8"},
    {file = "unicorn-2.1.3-cp38-cp38-win_amd64.whl", hash = "sha256:14aac20807d76378f0eb76f68198948297de602c1c2f48a6c9ffa7a86b9b9d71"},
    {file = "unicorn-2.1.3-cp39-cp39-macosx_10_9_x86_64.whl", hash = "sha256:e0d668af5ed39f2cdcdfcb4e55f6c6e8e16af1031c092e9f7a14a6aaf067639d"},
    {file = "unicorn-2.1.3-cp39-cp39-manylinux_2_17_aarch64.manylinux2014_aarch64.whl", hash = "sha256:508df7e9aacacd6ce07d7eba5dc47b6d16dfcab2419902cc0f309c8f5f33a66d"},
    {file = "unicorn-2.1.3-cp39-cp39-manylinux_2_17_i686.manylinux2014_i686.whl", hash = "sha256:cd0cecb9b57a0d248bedd45d8afbfc0336c3030b8d03ba3cd7c79066d7452436"},
    {file = "unicorn-2.1.3-cp39-cp39-manylinux_2_17_x86_64.manylinux2014_x86_64.whl", hash = "sha256:2abeb1cc6246d06d193a4f66de3795a53228a7e5f61720a9c061331bb7cb9aed"},
    {file = "unicorn-2.1.3-cp39-cp39-musllinux_1_2_aarch64.whl", hash = "sha256:c355126e474cea5de058f9b1c7413f1ed7ba641122dac8f47bfdd577eaeb6359"},
    {file = "unicorn-2.1.3-cp39-cp39-musllinux_1_2_i686.whl", hash = "sha256:7901fd0da686bf516b40726c52cea6885c8e7ba062af47b2d2d949705113821d"},
    {file = "unicorn-2.1.3-cp39-cp39-musllinux_1_2_x86_64.whl", hash = "sha256:ca2ccf27be3dde41365994ecc1a5f591d9f2ed0ace0d27aad0eeac10877757e8"},
    {file = "unicorn-2.1.3-cp39-cp39-win32.whl", hash = "sha256:430569c59fd13ab844c0bebef964fd932f7f38a455f92543d6d22a1debfab523"},
    {file = "unicorn-2.1.3-cp39-cp39-win_amd64.whl", hash = "sha256:8a1ab8152d3ff04ea1bcfb907836116c82a215833e1ba445d5ae982c7b25bd1c"},
    {file = "unicorn-2.1.3-py2-none-macosx_10_9_x86_64.whl", hash = "sha256:7b97628094de6b98830a5c3fddb919722053b04b6b6af448c46c8728bf1f24c7"},
    {file = "unicorn-2.1.3-py2-none-manylinux2014_aarch64.manylinux_2_17_aarch64.whl", hash = "sha256:f6a4da42718a406048f7dc9cc139e1817781ab3986da153c68fdc0a58217965f"},
    {file = "unicorn-2.1.3-py2-none-manylinux2014_i686.manylinux_2_17_i686.whl", hash = "sha256:a44444847f90fc4d5c3548651cad969179d22e986753d727cfa6ec86f96d262f"},
    {file = "unicorn-2.1.3-py2-none-manylinux2014_x86_64.manylinux_2_17_x86_64.whl", hash = "sha256:9c29461185af8c9b82b787b9babe3dc78924bc7d9d13a85f1f5a6dbdd138b250"},
    {file = "unicorn-2.1.3-py2-none-musllinux_1_2_aarch64.whl", hash = "sha256:6fe8ae0d67adc5efeb3658d0f4f36dd33f7b4abdfe5b39cdb9dd4bf63ab7fe6b"},
    {file = "unicorn-2.1.3-py2-none-musllinux_1_2_i686.whl", hash = "sha256:6ca6fec8fd26415e73af77f11c3c790094d58c06aaae14718389663c738bd6b5"},
    {file = "unicorn-2.1.3-py2-none-musllinux_1_2_x86_64.whl", hash = "sha256:4c51a275ae50d114355dea7bff025d9ed7292b0cb225f47f25cbb0f7fef4540c"},
    {file = "unicorn-2.1.3-py2-none-win32.whl", hash = "sha256:d2385a0f1b43bee5c0efe40d7f42d4bd28823e2cbf49a57abf0667ea94202aba"},
    {file = "unicorn-2.1.3-py2-none-win_amd64.whl", hash = "sha256:0458880af4230c0c68d7f8a0c81af79fa6cbe6ceafaa25402383e615587b282e"},
    {file = "unicorn-2.1.3.tar.gz", hash = "sha256:0c06456cf550c228f2003cc70366afa4aece2e6e7e4c32d8f4b22c717ba6b729"},
]

[package.extras]
test = ["capstone (==5.0.1) ; python_version <= \"3.7\"", "capstone (==6.0.0a2) ; python_version > \"3.7\""]

[metadata]
lock-version = "2.1"
python-versions = "^3.9"
content-hash = "52be41e8d9582fa9e4fac88863aabdb7c40319ecb5d2ea29c94e72cac4e99534"
