version = 1
requires-python = ">=3.9"

[[package]]
name = "capstone"
version = "5.0.6"
source = { registry = "https://pypi.org/simple" }
sdist = { url = "https://files.pythonhosted.org/packages/d5/b0/1f126035a4cbc6f488b97e4bd57a46a28b6ba29ca8b938cbda840601a18a/capstone-5.0.6.tar.gz", hash = "sha256:b11a87d67751b006b9b44428d59c99512e6d6c89cf7dff8cdd92d9065628b5a0", size = 2945704 }
wheels = [
    { url = "https://files.pythonhosted.org/packages/cd/9a/d9c11e090fa03dfc61a03a57ba44c6a07370f4ac5814f2a5804bfd40ee8b/capstone-5.0.6-py3-none-macosx_10_9_universal2.whl", hash = "sha256:0bca16e1c3ca1b928df6103b3889dcb6df7b05392d75a0b7af3508798148b899", size = 2177082 },
    { url = "https://files.pythonhosted.org/packages/66/28/72a0be2325e6ee459f27cdcd835d3eee6fed5136321b5f7be41b41dc8656/capstone-5.0.6-py3-none-macosx_10_9_x86_64.whl", hash = "sha256:539191906a34ad1c573ec12b787b2caf154ea41175db6ded9def00aea8151099", size = 1180215 },
    { url = "https://files.pythonhosted.org/packages/54/93/7b8fb02661d47a2822d5b640df804ef310417144af02e6db3446f174c4b5/capstone-5.0.6-py3-none-macosx_11_0_arm64.whl", hash = "sha256:e0b87b283905e4fc43635ca04cf26f4a5d9e8375852e5464d38938f3a28c207a", size = 1192757 },
    { url = "https://files.pythonhosted.org/packages/ba/a2/d1bdb7260ade8165182979ea16098ef3a37c01316140511a611e549dbfe3/capstone-5.0.6-py3-none-manylinux_2_17_aarch64.manylinux2014_aarch64.whl", hash = "sha256:fa7892f0c89455078c18f07d2d309fb07baa53061b8f9a63db1ea00d41a46726", size = 1458413 },
    { url = "https://files.pythonhosted.org/packages/78/7f/ec0687bbe8f6b128f1d41d90ec7cedfd1aaaa4ecb1ae8d334acc7dad8013/capstone-5.0.6-py3-none-manylinux_2_17_x86_64.manylinux2014_x86_64.whl", hash = "sha256:0358855773100bb91ae6681fabce7299df83156945ba943f6211061a592c54a6", size = 1481605 },
    { url = "https://files.pythonhosted.org/packages/fc/1d/77bb0f79e1dacdfdcc0679c747d9ca24cc621095e09bdb665e7dd0c580ae/capstone-5.0.6-py3-none-manylinux_2_5_i686.manylinux1_i686.manylinux_2_17_i686.manylinux2014_i686.whl", hash = "sha256:667d6466dab1522fa5e9659be5cf1aca83e4fc3da7d15d0e5e6047f71fb46c4a", size = 1480730 },
    { url = "https://files.pythonhosted.org/packages/72/63/07437972f68d0b2ba13e1705a6994404c9c961afbadc342c5b6fcf1de652/capstone-5.0.6-py3-none-musllinux_1_2_aarch64.whl", hash = "sha256:45c0e25500dd8d283d3b70f2e10cebfec93ab8bdaf6af9a763a0a999b4705891", size = 1457992 },
    { url = "https://files.pythonhosted.org/packages/0c/53/f371e86493a2ae659b5a493c3cc23122974e83a1f53d3a5638d7bb7ac371/capstone-5.0.6-py3-none-musllinux_1_2_i686.whl", hash = "sha256:22f1f2f118f8fa1d1c5c90bca90e75864d55e16349b3c03aaea0e86b4a45d2a9", size = 1484184 },
    { url = "https://files.pythonhosted.org/packages/df/c3/8b842ae32949c3570581164619c2f69001c6d8da566dc2e490372032b0d6/capstone-5.0.6-py3-none-musllinux_1_2_x86_64.whl", hash = "sha256:bc23cf634f51d0e53bdd04ea53ccfff7fc9060dfe58dff1e1b260ce40e5538ff", size = 1485357 },
    { url = "https://files.pythonhosted.org/packages/da/72/ff7894c2fb5716d9a3ce9c27ba34b29d991a11d8442d2ef0fcdc5564ba7e/capstone-5.0.6-py3-none-win_amd64.whl", hash = "sha256:761c3deae00b22ac697081cdae1383bb90659dd0d79387a09cf5bdbb22b17064", size = 1271345 },
]

[[package]]
name = "dumpulator"
version = "1.0.0"
source = { editable = "." }
dependencies = [
    { name = "capstone" },
    { name = "pefile" },
    { name = "setuptools" },
    { name = "unicorn" },
]

[package.optional-dependencies]
dev = [
    { name = "libclang" },
]

[package.metadata]
requires-dist = [
    { name = "capstone", specifier = ">=5.0.6" },
    { name = "libclang", marker = "extra == 'dev'", specifier = "~=15.0.0" },
    { name = "pefile", specifier = ">=2021.9.3" },
    { name = "setuptools", specifier = "<79.0.0" },
    { name = "unicorn", specifier = "==2.0.1.post1" },
]

[[package]]
name = "libclang"
version = "15.0.6.1"
source = { registry = "https://pypi.org/simple" }
sdist = { url = "https://files.pythonhosted.org/packages/60/56/7c107ccc000d78c400d083a09f363fe67407048c66eea6c72df1e3303e73/libclang-15.0.6.1.tar.gz", hash = "sha256:a1a8fe038af2962c787c5bac81bfa4b82bb8e279e61e70cc934c10f6e20c73ec", size = 39139 }
wheels = [
    { url = "https://files.pythonhosted.org/packages/5e/5a/abfaacdb6bc69732c91219dea03d4f06a9c3f86652397b23083e78ffce3d/libclang-15.0.6.1-py2.py3-none-macosx_10_9_x86_64.whl", hash = "sha256:8621795e07b87e17fc7aac9f071bc7fe6b52ed6110c0a96a9975d8113c8c2527", size = 24999921 },
    { url = "https://files.pythonhosted.org/packages/3f/46/286604ecc39eabc34455311055407e5742f64c415229bb74040bad1f36c0/libclang-15.0.6.1-py2.py3-none-macosx_11_0_arm64.whl", hash = "sha256:0bf192c48a8d2992fc5034393ddc99e772ac30e105df84927d62fc88ef8a659f", size = 22759914 },
    { url = "https://files.pythonhosted.org/packages/bd/ec/55f01bbee070d574c47bb602d8dc17ac3b804e007d4949a8b414e75b7812/libclang-15.0.6.1-py2.py3-none-manylinux2010_x86_64.whl", hash = "sha256:69b01a23ab543908a661532595daa23cf88bd96d80e41f58ba0eaa6a378fe0d8", size = 21526869 },
    { url = "https://files.pythonhosted.org/packages/9d/a4/91ddea70f385edab6043e384b7bab1556de4a0e98eaaf2d5dde709acdddc/libclang-15.0.6.1-py2.py3-none-manylinux2014_aarch64.whl", hash = "sha256:4a5188184b937132c198ee9de9a8a2316d5fdd1a825398d5ad1a8f5e06f9b40e", size = 19404655 },
    { url = "https://files.pythonhosted.org/packages/ad/02/ba54cbb85c7819d9f3cdd0f8e57a3655a6c348bb8255de86ccde1fb91294/libclang-15.0.6.1-py2.py3-none-manylinux2014_armv7l.whl", hash = "sha256:f7ffa02ac5e586cfffde039dcccc439d88d0feac7d77bf9426d9ba7543d16545", size = 17801603 },
    { url = "https://files.pythonhosted.org/packages/dd/25/86a3d85dd5817a74af900ac61c3de091bad466d5e9b7c812dd18c535e07c/libclang-15.0.6.1-py2.py3-none-musllinux_1_2_x86_64.whl", hash = "sha256:aaebb6aa1db73bac3a0ac41e57ef78743079eb68728adbf7e80ee917ae171529", size = 21612721 },
    { url = "https://files.pythonhosted.org/packages/b3/6b/a631fe18dd130da90ebe42e514d6bc462a8933ccb3dc13c89fa718b0c871/libclang-15.0.6.1-py2.py3-none-win_amd64.whl", hash = "sha256:85afb47630d2070e74b886040ceea1846097ca53cc88d0f1d7751d0f49220028", size = 23192130 },
    { url = "https://files.pythonhosted.org/packages/f9/58/57af84c048e1801c9c048f49aa1f2547bf9b8e29da275aaf9496bb4bfa0b/libclang-15.0.6.1-py2.py3-none-win_arm64.whl", hash = "sha256:687d8549c110c700fece58dd87727421d0710fdd111aa7eecb01faf8e3f50d4e", size = 19606499 },
]

[[package]]
name = "pefile"
version = "2024.8.26"
source = { registry = "https://pypi.org/simple" }
sdist = { url = "https://files.pythonhosted.org/packages/03/4f/2750f7f6f025a1507cd3b7218691671eecfd0bbebebe8b39aa0fe1d360b8/pefile-2024.8.26.tar.gz", hash = "sha256:3ff6c5d8b43e8c37bb6e6dd5085658d658a7a0bdcd20b6a07b1fcfc1c4e9d632", size = 76008 }
wheels = [
    { url = "https://files.pythonhosted.org/packages/54/16/12b82f791c7f50ddec566873d5bdd245baa1491bac11d15ffb98aecc8f8b/pefile-2024.8.26-py3-none-any.whl", hash = "sha256:76f8b485dcd3b1bb8166f1128d395fa3d87af26360c2358fb75b80019b957c6f", size = 74766 },
]

[[package]]
name = "setuptools"
version = "78.1.1"
source = { registry = "https://pypi.org/simple" }
sdist = { url = "https://files.pythonhosted.org/packages/81/9c/42314ee079a3e9c24b27515f9fbc7a3c1d29992c33451779011c74488375/setuptools-78.1.1.tar.gz", hash = "sha256:fcc17fd9cd898242f6b4adfaca46137a9edef687f43e6f78469692a5e70d851d", size = 1368163 }
wheels = [
    { url = "https://files.pythonhosted.org/packages/90/99/158ad0609729111163fc1f674a5a42f2605371a4cf036d0441070e2f7455/setuptools-78.1.1-py3-none-any.whl", hash = "sha256:c3a9c4211ff4c309edb8b8c4f1cbfa7ae324c4ba9f91ff254e3d305b9fd54561", size = 1256462 },
]

[[package]]
name = "unicorn"
version = "2.0.1.post1"
source = { registry = "https://pypi.org/simple" }
sdist = { url = "https://files.pythonhosted.org/packages/64/c7/1a571a06adda2a9802e21d84398c5547761cb28b22f59a2c5db62bf23887/unicorn-2.0.1.post1.tar.gz", hash = "sha256:7fc69523eb83b4c8abc7cb4410ca21875e066c34b7afe998f59481e830d28e56", size = 2797274 }
wheels = [
    { url = "https://files.pythonhosted.org/packages/c5/7f/23e44708e31676b44f66f130d1639a023dee2d3d0f1d49740dec7c6cca1a/unicorn-2.0.1.post1-py2.py3-none-macosx_10_15_x86_64.whl", hash = "sha256:2d3eb3ec7eabbc4e66b4d853e11b27c426ce03072860c756139ed2191588751c", size = 13297103 },
    { url = "https://files.pythonhosted.org/packages/62/e7/dbb07eef398234bb58daaaf5aa6acf31679cafe459338eb34aa41f098234/unicorn-2.0.1.post1-py2.py3-none-manylinux1_i686.manylinux_2_17_i686.manylinux2014_i686.whl", hash = "sha256:2b3eba8848f3cfd43ed5f3128f01880ecc4e73e6b36c1e5e951177db0fb9c03b", size = 19642095 },
    { url = "https://files.pythonhosted.org/packages/2e/be/27a307eaf4f5226716f0573680ba66b38a56a3af0c2032e84c2826e0dfc6/unicorn-2.0.1.post1-py2.py3-none-manylinux1_i686.whl", hash = "sha256:4cf11d4883160dd3c4967bb3187dd886cdca4422884b315ace436af6047aae0d", size = 19641407 },
    { url = "https://files.pythonhosted.org/packages/32/3d/93adc91f390ac12a96b4d01270421410f1ed054d22e9f716cb0169ae5634/unicorn-2.0.1.post1-py2.py3-none-manylinux1_x86_64.manylinux_2_17_x86_64.manylinux2014_x86_64.whl", hash = "sha256:45be711d2bc8b82d07f2e0bdde128f3e9408c42978a3ed5edf709bce5350fcdf", size = 16145009 },
    { url = "https://files.pythonhosted.org/packages/32/9b/a4faa31f2077563c0450868db2dae89c02767103d9dfc1b25362082c6676/unicorn-2.0.1.post1-py2.py3-none-manylinux1_x86_64.whl", hash = "sha256:5ed85a0b7bbfa47dd029272e071c814f21e9dacc2eefd63521f4d638ff1d6db9", size = 16144316 },
    { url = "https://files.pythonhosted.org/packages/b2/48/fc537fd7beb31084200fe52bf87420164e6ecab3c3313e7b0a8fd59b3b81/unicorn-2.0.1.post1-py2.py3-none-manylinux2014_aarch64.whl", hash = "sha256:0bd05f9ae6b86b1326e6c3c1d1f3e51264b479cd1961388fd0da0ae674ec0195", size = 15113304 },
    { url = "https://files.pythonhosted.org/packages/31/af/5dd9c74e2594a03435a6aba87e3712fc9992979ffc0e36cdb26daacb45ff/unicorn-2.0.1.post1-py2.py3-none-win32.whl", hash = "sha256:9f0e3bbe207a6d2ddd3dff528bf3b2251c8e11d0fb4bab2338dff01475f6f41b", size = 15721883 },
    { url = "https://files.pythonhosted.org/packages/53/2d/a1fdad55a893751e3cc7d3201053e55596dc754e3b93549d43c240fd4993/unicorn-2.0.1.post1-py2.py3-none-win_amd64.whl", hash = "sha256:7145fe448d17b2377b18e08e0521749cf0f94b9d3fe8b67c032bb4c932a21c29", size = 15721948 },
]
